
Microsoft Visual Studio Solution File, Format Version 12.00
# Visual Studio Version 16
VisualStudioVersion = 16.0.29806.167
MinimumVisualStudioVersion = 10.0.40219.1
Project("{9A19103F-16F7-4668-BE54-9A1E7A4F7556}") = "oblEnergo", "oblEnergo\oblEnergo.csproj", "{48CFB573-70E1-49DB-835B-C40994E14557}"
EndProject
Project("{2150E333-8FDC-42A3-9474-1A3956D46DE8}") = "Catalog", "Catalog", "{7151AA77-0ED2-452D-AFC7-4289CC795900}"
EndProject
Project("{9A19103F-16F7-4668-BE54-9A1E7A4F7556}") = "DAL", "DAL\DAL.csproj", "{89038527-27B1-44FA-B7C9-9E4F0C6AFF29}"
EndProject
Project("{9A19103F-16F7-4668-BE54-9A1E7A4F7556}") = "DAL.Tests", "DAL.Tests\DAL.Tests.csproj", "{0E73278D-9F61-4FA1-A441-92D041900DE0}"
EndProject
Project("{9A19103F-16F7-4668-BE54-9A1E7A4F7556}") = "BLL", "BLL\BLL.csproj", "{78BE5045-99C4-4B3E-A833-9E0759AE783C}"
EndProject
Project("{9A19103F-16F7-4668-BE54-9A1E7A4F7556}") = "CCL", "CCL\CCL.csproj", "{5C60D3AC-01B5-4F4E-ACF2-3457B209B9BA}"
EndProject
Project("{9A19103F-16F7-4668-BE54-9A1E7A4F7556}") = "BLL.Tests", "BLL.Tests\BLL.Tests.csproj", "{087A813A-26B0-49A7-B47D-F01B3358AEFC}"
EndProject
Global
	GlobalSection(SolutionConfigurationPlatforms) = preSolution
		Debug|Any CPU = Debug|Any CPU
		Release|Any CPU = Release|Any CPU
	EndGlobalSection
	GlobalSection(ProjectConfigurationPlatforms) = postSolution
		{48CFB573-70E1-49DB-835B-C40994E14557}.Debug|Any CPU.ActiveCfg = Debug|Any CPU
		{48CFB573-70E1-49DB-835B-C40994E14557}.Release|Any CPU.ActiveCfg = Release|Any CPU
		{48CFB573-70E1-49DB-835B-C40994E14557}.Release|Any CPU.Build.0 = Release|Any CPU
		{89038527-27B1-44FA-B7C9-9E4F0C6AFF29}.Debug|Any CPU.ActiveCfg = Debug|Any CPU
		{89038527-27B1-44FA-B7C9-9E4F0C6AFF29}.Debug|Any CPU.Build.0 = Debug|Any CPU
		{89038527-27B1-44FA-B7C9-9E4F0C6AFF29}.Release|Any CPU.ActiveCfg = Release|Any CPU
		{89038527-27B1-44FA-B7C9-9E4F0C6AFF29}.Release|Any CPU.Build.0 = Release|Any CPU
		{0E73278D-9F61-4FA1-A441-92D041900DE0}.Debug|Any CPU.ActiveCfg = Debug|Any CPU
		{0E73278D-9F61-4FA1-A441-92D041900DE0}.Debug|Any CPU.Build.0 = Debug|Any CPU
		{0E73278D-9F61-4FA1-A441-92D041900DE0}.Release|Any CPU.ActiveCfg = Release|Any CPU
		{0E73278D-9F61-4FA1-A441-92D041900DE0}.Release|Any CPU.Build.0 = Release|Any CPU
		{78BE5045-99C4-4B3E-A833-9E0759AE783C}.Debug|Any CPU.ActiveCfg = Debug|Any CPU
		{78BE5045-99C4-4B3E-A833-9E0759AE783C}.Debug|Any CPU.Build.0 = Debug|Any CPU
		{78BE5045-99C4-4B3E-A833-9E0759AE783C}.Release|Any CPU.ActiveCfg = Release|Any CPU
		{78BE5045-99C4-4B3E-A833-9E0759AE783C}.Release|Any CPU.Build.0 = Release|Any CPU
		{5C60D3AC-01B5-4F4E-ACF2-3457B209B9BA}.Debug|Any CPU.ActiveCfg = Debug|Any CPU
		{5C60D3AC-01B5-4F4E-ACF2-3457B209B9BA}.Debug|Any CPU.Build.0 = Debug|Any CPU
		{5C60D3AC-01B5-4F4E-ACF2-3457B209B9BA}.Release|Any CPU.ActiveCfg = Release|Any CPU
		{5C60D3AC-01B5-4F4E-ACF2-3457B209B9BA}.Release|Any CPU.Build.0 = Release|Any CPU
		{087A813A-26B0-49A7-B47D-F01B3358AEFC}.Debug|Any CPU.ActiveCfg = Debug|Any CPU
		{087A813A-26B0-49A7-B47D-F01B3358AEFC}.Debug|Any CPU.Build.0 = Debug|Any CPU
		{087A813A-26B0-49A7-B47D-F01B3358AEFC}.Release|Any CPU.ActiveCfg = Release|Any CPU
		{087A813A-26B0-49A7-B47D-F01B3358AEFC}.Release|Any CPU.Build.0 = Release|Any CPU
	EndGlobalSection
	GlobalSection(SolutionProperties) = preSolution
		HideSolutionNode = FALSE
	EndGlobalSection
	GlobalSection(NestedProjects) = preSolution
		{89038527-27B1-44FA-B7C9-9E4F0C6AFF29} = {7151AA77-0ED2-452D-AFC7-4289CC795900}
		{78BE5045-99C4-4B3E-A833-9E0759AE783C} = {7151AA77-0ED2-452D-AFC7-4289CC795900}
		{5C60D3AC-01B5-4F4E-ACF2-3457B209B9BA} = {7151AA77-0ED2-452D-AFC7-4289CC795900}
	EndGlobalSection
	GlobalSection(ExtensibilityGlobals) = postSolution
		SolutionGuid = {95E88605-1388-45A2-9183-DF58A8B44851}
	EndGlobalSection
EndGlobal
